PODS:
  - VWWClusteredMapView (1.0.0)

DEPENDENCIES:
  - VWWClusteredMapView (from `https://github.com/zakkhoyt/VWWClusteredMapView`, branch
    `breakout`)

EXTERNAL SOURCES:
  VWWClusteredMapView:
    :branch: breakout
    :git: https://github.com/zakkhoyt/VWWClusteredMapView

CHECKOUT OPTIONS:
  VWWClusteredMapView:
    :commit: 1beade9d65581b5be91545afee23f934dfee001c
    :git: https://github.com/zakkhoyt/VWWClusteredMapView

SPEC CHECKSUMS:
  VWWClusteredMapView: 9769306182e5d7b64b83f4f04ca2e9c3aaae7767

COCOAPODS: 0.38.2
