PODS:
  - VWWClusteredMapView (1.0.3)

DEPENDENCIES:
  - VWWClusteredMapView (from `https://github.com/zakkhoyt/VWWClusteredMapView`, tag `1.0.3`)

EXTERNAL SOURCES:
  VWWClusteredMapView:
    :git: https://github.com/zakkhoyt/VWWClusteredMapView
    :tag: 1.0.3

CHECKOUT OPTIONS:
  VWWClusteredMapView:
    :git: https://github.com/zakkhoyt/VWWClusteredMapView
    :tag: 1.0.3

SPEC CHECKSUMS:
  VWWClusteredMapView: 0414b8d57b1aa338f3a20754c229671aca9517cb

PODFILE CHECKSUM: 7c5fc35047c725855c7913e466e50de43349d443

COCOAPODS: 1.0.0
