PODS:
  - VWWClusteredMapView (1.0.1)

DEPENDENCIES:
  - VWWClusteredMapView (from `https://github.com/zakkhoyt/VWWClusteredMapView`, branch `master`)

EXTERNAL SOURCES:
  VWWClusteredMapView:
    :branch: master
    :git: https://github.com/zakkhoyt/VWWClusteredMapView

CHECKOUT OPTIONS:
  VWWClusteredMapView:
    :commit: 14484fcbacfb59953523bb6ef9da2b772c1f8fa8
    :git: https://github.com/zakkhoyt/VWWClusteredMapView

SPEC CHECKSUMS:
  VWWClusteredMapView: 74363c7a7d7c284b5ec50de03d04759183a8cc2a

PODFILE CHECKSUM: 6f62713f07e646e94ab4f1d16a27b48853aabb45

COCOAPODS: 1.0.0
